
Microsoft Visual Studio Solution File, Format Version 12.00
# Visual Studio 14
VisualStudioVersion = 14.0.24720.0
MinimumVisualStudioVersion = 10.0.40219.1
Project("{FAE04EC0-301F-11D3-BF4B-00C04F79EFBC}") = "RBSector", "RBSector\RBSector.csproj", "{F56DDF23-56F5-42FB-B495-DE154F202C00}"
EndProject
Project("{FAE04EC0-301F-11D3-BF4B-00C04F79EFBC}") = "RBSector.DataBase", "RBSector.DataBase\RBSector.DataBase.csproj", "{14628356-9BA4-457D-829D-127CF891AF21}"
EndProject
Project("{FAE04EC0-301F-11D3-BF4B-00C04F79EFBC}") = "TestDBConsole", "TestDBConsole\TestDBConsole.csproj", "{150DE252-BC65-4F88-9939-7A02C2DBB9B5}"
EndProject
Project("{FAE04EC0-301F-11D3-BF4B-00C04F79EFBC}") = "RBSector.Entry", "RBSector.Entry\RBSector.Entry.csproj", "{759F16C9-5577-40FD-AB16-BA1EBBFC7C3B}"
EndProject
Project("{FAE04EC0-301F-11D3-BF4B-00C04F79EFBC}") = "RBSector.Services", "RBSector.Services\RBSector.Services.csproj", "{932F0BD2-AECF-4D04-8DE8-090BA9BEC78F}"
EndProject
Project("{FAE04EC0-301F-11D3-BF4B-00C04F79EFBC}") = "RBSector.ViewModel", "RBSector.ViewModel\RBSector.ViewModel.csproj", "{659F61DE-7F6C-4736-9BD7-441A39280453}"
EndProject
Global
	GlobalSection(SolutionConfigurationPlatforms) = preSolution
		Debug|Any CPU = Debug|Any CPU
		Debug|ARM = Debug|ARM
		Debug|x64 = Debug|x64
		Debug|x86 = Debug|x86
		Release|Any CPU = Release|Any CPU
		Release|ARM = Release|ARM
		Release|x64 = Release|x64
		Release|x86 = Release|x86
	EndGlobalSection
	GlobalSection(ProjectConfigurationPlatforms) = postSolution
		{F56DDF23-56F5-42FB-B495-DE154F202C00}.Debug|Any CPU.ActiveCfg = Debug|x86
		{F56DDF23-56F5-42FB-B495-DE154F202C00}.Debug|ARM.ActiveCfg = Debug|ARM
		{F56DDF23-56F5-42FB-B495-DE154F202C00}.Debug|ARM.Build.0 = Debug|ARM
		{F56DDF23-56F5-42FB-B495-DE154F202C00}.Debug|ARM.Deploy.0 = Debug|ARM
		{F56DDF23-56F5-42FB-B495-DE154F202C00}.Debug|x64.ActiveCfg = Debug|x64
		{F56DDF23-56F5-42FB-B495-DE154F202C00}.Debug|x64.Build.0 = Debug|x64
		{F56DDF23-56F5-42FB-B495-DE154F202C00}.Debug|x64.Deploy.0 = Debug|x64
		{F56DDF23-56F5-42FB-B495-DE154F202C00}.Debug|x86.ActiveCfg = Debug|x86
		{F56DDF23-56F5-42FB-B495-DE154F202C00}.Debug|x86.Build.0 = Debug|x86
		{F56DDF23-56F5-42FB-B495-DE154F202C00}.Debug|x86.Deploy.0 = Debug|x86
		{F56DDF23-56F5-42FB-B495-DE154F202C00}.Release|Any CPU.ActiveCfg = Release|x86
		{F56DDF23-56F5-42FB-B495-DE154F202C00}.Release|ARM.ActiveCfg = Release|ARM
		{F56DDF23-56F5-42FB-B495-DE154F202C00}.Release|ARM.Build.0 = Release|ARM
		{F56DDF23-56F5-42FB-B495-DE154F202C00}.Release|ARM.Deploy.0 = Release|ARM
		{F56DDF23-56F5-42FB-B495-DE154F202C00}.Release|x64.ActiveCfg = Release|x64
		{F56DDF23-56F5-42FB-B495-DE154F202C00}.Release|x64.Build.0 = Release|x64
		{F56DDF23-56F5-42FB-B495-DE154F202C00}.Release|x64.Deploy.0 = Release|x64
		{F56DDF23-56F5-42FB-B495-DE154F202C00}.Release|x86.ActiveCfg = Release|x86
		{F56DDF23-56F5-42FB-B495-DE154F202C00}.Release|x86.Build.0 = Release|x86
		{F56DDF23-56F5-42FB-B495-DE154F202C00}.Release|x86.Deploy.0 = Release|x86
		{14628356-9BA4-457D-829D-127CF891AF21}.Debug|Any CPU.ActiveCfg = Debug|Any CPU
		{14628356-9BA4-457D-829D-127CF891AF21}.Debug|Any CPU.Build.0 = Debug|Any CPU
		{14628356-9BA4-457D-829D-127CF891AF21}.Debug|ARM.ActiveCfg = Debug|Any CPU
		{14628356-9BA4-457D-829D-127CF891AF21}.Debug|ARM.Build.0 = Debug|Any CPU
		{14628356-9BA4-457D-829D-127CF891AF21}.Debug|x64.ActiveCfg = Debug|Any CPU
		{14628356-9BA4-457D-829D-127CF891AF21}.Debug|x64.Build.0 = Debug|Any CPU
		{14628356-9BA4-457D-829D-127CF891AF21}.Debug|x86.ActiveCfg = Debug|Any CPU
		{14628356-9BA4-457D-829D-127CF891AF21}.Debug|x86.Build.0 = Debug|Any CPU
		{14628356-9BA4-457D-829D-127CF891AF21}.Release|Any CPU.ActiveCfg = Release|Any CPU
		{14628356-9BA4-457D-829D-127CF891AF21}.Release|Any CPU.Build.0 = Release|Any CPU
		{14628356-9BA4-457D-829D-127CF891AF21}.Release|ARM.ActiveCfg = Release|Any CPU
		{14628356-9BA4-457D-829D-127CF891AF21}.Release|ARM.Build.0 = Release|Any CPU
		{14628356-9BA4-457D-829D-127CF891AF21}.Release|x64.ActiveCfg = Release|Any CPU
		{14628356-9BA4-457D-829D-127CF891AF21}.Release|x64.Build.0 = Release|Any CPU
		{14628356-9BA4-457D-829D-127CF891AF21}.Release|x86.ActiveCfg = Release|Any CPU
		{14628356-9BA4-457D-829D-127CF891AF21}.Release|x86.Build.0 = Release|Any CPU
		{150DE252-BC65-4F88-9939-7A02C2DBB9B5}.Debug|Any CPU.ActiveCfg = Debug|Any CPU
		{150DE252-BC65-4F88-9939-7A02C2DBB9B5}.Debug|Any CPU.Build.0 = Debug|Any CPU
		{150DE252-BC65-4F88-9939-7A02C2DBB9B5}.Debug|ARM.ActiveCfg = Debug|Any CPU
		{150DE252-BC65-4F88-9939-7A02C2DBB9B5}.Debug|ARM.Build.0 = Debug|Any CPU
		{150DE252-BC65-4F88-9939-7A02C2DBB9B5}.Debug|x64.ActiveCfg = Debug|Any CPU
		{150DE252-BC65-4F88-9939-7A02C2DBB9B5}.Debug|x64.Build.0 = Debug|Any CPU
		{150DE252-BC65-4F88-9939-7A02C2DBB9B5}.Debug|x86.ActiveCfg = Debug|Any CPU
		{150DE252-BC65-4F88-9939-7A02C2DBB9B5}.Debug|x86.Build.0 = Debug|Any CPU
		{150DE252-BC65-4F88-9939-7A02C2DBB9B5}.Release|Any CPU.ActiveCfg = Release|Any CPU
		{150DE252-BC65-4F88-9939-7A02C2DBB9B5}.Release|Any CPU.Build.0 = Release|Any CPU
		{150DE252-BC65-4F88-9939-7A02C2DBB9B5}.Release|ARM.ActiveCfg = Release|Any CPU
		{150DE252-BC65-4F88-9939-7A02C2DBB9B5}.Release|ARM.Build.0 = Release|Any CPU
		{150DE252-BC65-4F88-9939-7A02C2DBB9B5}.Release|x64.ActiveCfg = Release|Any CPU
		{150DE252-BC65-4F88-9939-7A02C2DBB9B5}.Release|x64.Build.0 = Release|Any CPU
		{150DE252-BC65-4F88-9939-7A02C2DBB9B5}.Release|x86.ActiveCfg = Release|Any CPU
		{150DE252-BC65-4F88-9939-7A02C2DBB9B5}.Release|x86.Build.0 = Release|Any CPU
		{759F16C9-5577-40FD-AB16-BA1EBBFC7C3B}.Debug|Any CPU.ActiveCfg = Debug|Any CPU
		{759F16C9-5577-40FD-AB16-BA1EBBFC7C3B}.Debug|Any CPU.Build.0 = Debug|Any CPU
		{759F16C9-5577-40FD-AB16-BA1EBBFC7C3B}.Debug|ARM.ActiveCfg = Debug|Any CPU
		{759F16C9-5577-40FD-AB16-BA1EBBFC7C3B}.Debug|ARM.Build.0 = Debug|Any CPU
		{759F16C9-5577-40FD-AB16-BA1EBBFC7C3B}.Debug|x64.ActiveCfg = Debug|Any CPU
		{759F16C9-5577-40FD-AB16-BA1EBBFC7C3B}.Debug|x64.Build.0 = Debug|Any CPU
		{759F16C9-5577-40FD-AB16-BA1EBBFC7C3B}.Debug|x86.ActiveCfg = Debug|Any CPU
		{759F16C9-5577-40FD-AB16-BA1EBBFC7C3B}.Debug|x86.Build.0 = Debug|Any CPU
		{759F16C9-5577-40FD-AB16-BA1EBBFC7C3B}.Release|Any CPU.ActiveCfg = Release|Any CPU
		{759F16C9-5577-40FD-AB16-BA1EBBFC7C3B}.Release|Any CPU.Build.0 = Release|Any CPU
		{759F16C9-5577-40FD-AB16-BA1EBBFC7C3B}.Release|ARM.ActiveCfg = Release|Any CPU
		{759F16C9-5577-40FD-AB16-BA1EBBFC7C3B}.Release|ARM.Build.0 = Release|Any CPU
		{759F16C9-5577-40FD-AB16-BA1EBBFC7C3B}.Release|x64.ActiveCfg = Release|Any CPU
		{759F16C9-5577-40FD-AB16-BA1EBBFC7C3B}.Release|x64.Build.0 = Release|Any CPU
		{759F16C9-5577-40FD-AB16-BA1EBBFC7C3B}.Release|x86.ActiveCfg = Release|Any CPU
		{759F16C9-5577-40FD-AB16-BA1EBBFC7C3B}.Release|x86.Build.0 = Release|Any CPU
		{932F0BD2-AECF-4D04-8DE8-090BA9BEC78F}.Debug|Any CPU.ActiveCfg = Debug|Any CPU
		{932F0BD2-AECF-4D04-8DE8-090BA9BEC78F}.Debug|Any CPU.Build.0 = Debug|Any CPU
		{932F0BD2-AECF-4D04-8DE8-090BA9BEC78F}.Debug|ARM.ActiveCfg = Debug|Any CPU
		{932F0BD2-AECF-4D04-8DE8-090BA9BEC78F}.Debug|ARM.Build.0 = Debug|Any CPU
		{932F0BD2-AECF-4D04-8DE8-090BA9BEC78F}.Debug|x64.ActiveCfg = Debug|Any CPU
		{932F0BD2-AECF-4D04-8DE8-090BA9BEC78F}.Debug|x64.Build.0 = Debug|Any CPU
		{932F0BD2-AECF-4D04-8DE8-090BA9BEC78F}.Debug|x86.ActiveCfg = Debug|Any CPU
		{932F0BD2-AECF-4D04-8DE8-090BA9BEC78F}.Debug|x86.Build.0 = Debug|Any CPU
		{932F0BD2-AECF-4D04-8DE8-090BA9BEC78F}.Release|Any CPU.ActiveCfg = Release|Any CPU
		{932F0BD2-AECF-4D04-8DE8-090BA9BEC78F}.Release|Any CPU.Build.0 = Release|Any CPU
		{932F0BD2-AECF-4D04-8DE8-090BA9BEC78F}.Release|ARM.ActiveCfg = Release|Any CPU
		{932F0BD2-AECF-4D04-8DE8-090BA9BEC78F}.Release|ARM.Build.0 = Release|Any CPU
		{932F0BD2-AECF-4D04-8DE8-090BA9BEC78F}.Release|x64.ActiveCfg = Release|Any CPU
		{932F0BD2-AECF-4D04-8DE8-090BA9BEC78F}.Release|x64.Build.0 = Release|Any CPU
		{932F0BD2-AECF-4D04-8DE8-090BA9BEC78F}.Release|x86.ActiveCfg = Release|Any CPU
		{932F0BD2-AECF-4D04-8DE8-090BA9BEC78F}.Release|x86.Build.0 = Release|Any CPU
		{659F61DE-7F6C-4736-9BD7-441A39280453}.Debug|Any CPU.ActiveCfg = Debug|Any CPU
		{659F61DE-7F6C-4736-9BD7-441A39280453}.Debug|Any CPU.Build.0 = Debug|Any CPU
		{659F61DE-7F6C-4736-9BD7-441A39280453}.Debug|ARM.ActiveCfg = Debug|Any CPU
		{659F61DE-7F6C-4736-9BD7-441A39280453}.Debug|ARM.Build.0 = Debug|Any CPU
		{659F61DE-7F6C-4736-9BD7-441A39280453}.Debug|x64.ActiveCfg = Debug|Any CPU
		{659F61DE-7F6C-4736-9BD7-441A39280453}.Debug|x64.Build.0 = Debug|Any CPU
		{659F61DE-7F6C-4736-9BD7-441A39280453}.Debug|x86.ActiveCfg = Debug|Any CPU
		{659F61DE-7F6C-4736-9BD7-441A39280453}.Debug|x86.Build.0 = Debug|Any CPU
		{659F61DE-7F6C-4736-9BD7-441A39280453}.Release|Any CPU.ActiveCfg = Release|Any CPU
		{659F61DE-7F6C-4736-9BD7-441A39280453}.Release|Any CPU.Build.0 = Release|Any CPU
		{659F61DE-7F6C-4736-9BD7-441A39280453}.Release|ARM.ActiveCfg = Release|Any CPU
		{659F61DE-7F6C-4736-9BD7-441A39280453}.Release|ARM.Build.0 = Release|Any CPU
		{659F61DE-7F6C-4736-9BD7-441A39280453}.Release|x64.ActiveCfg = Release|Any CPU
		{659F61DE-7F6C-4736-9BD7-441A39280453}.Release|x64.Build.0 = Release|Any CPU
		{659F61DE-7F6C-4736-9BD7-441A39280453}.Release|x86.ActiveCfg = Release|Any CPU
		{659F61DE-7F6C-4736-9BD7-441A39280453}.Release|x86.Build.0 = Release|Any CPU
	EndGlobalSection
	GlobalSection(SolutionProperties) = preSolution
		HideSolutionNode = FALSE
	EndGlobalSection
EndGlobal
